{
  "name": "DellDesignSystemTests",
  "version": "1.0.0",
  "lockfileVersion": 1,
  "requires": true,
  "dependencies": {
    "@dds-uicore/all": {
      "version": "0.2.11",
      "resolved": "https://dcsartifacts.dell.com/artifactory/api/npm/npm/@dds-uicore/all/-/@dds-uicore/all-0.2.11.tgz",
      "integrity": "sha1-WUFNfZjYu9sPKvgokckTDvsmKbk=",
      "dev": true,
      "requires": {
        "nouislider": "13.1.5"
      }
    },
    "nouislider": {
      "version": "13.1.5",
      "resolved": "https://dcsartifacts.dell.com/artifactory/api/npm/npm/nouislider/-/nouislider-13.1.5.tgz",
      "integrity": "sha1-Og8wBBWbmnfrwHw77cJslzJ9NSI=",
      "dev": true
    }
  }
}
